
Microsoft Visual Studio Solution File, Format Version 12.00
# Visual Studio Version 17
VisualStudioVersion = 17.10.35004.147
MinimumVisualStudioVersion = 10.0.40219.1
Project("{FAE04EC0-301F-11D3-BF4B-00C04F79EFBC}") = "Json watcher", "Json watcher.csproj", "{7764A2BD-C775-4BFF-A4AD-349156585BEE}"
EndProject
Global
	GlobalSection(SolutionConfigurationPlatforms) = preSolution
		Debug|Any CPU = Debug|Any CPU
		Release|Any CPU = Release|Any CPU
	EndGlobalSection
	GlobalSection(ProjectConfigurationPlatforms) = postSolution
		{7764A2BD-C775-4BFF-A4AD-349156585BEE}.Debug|Any CPU.ActiveCfg = Debug|Any CPU
		{7764A2BD-C775-4BFF-A4AD-349156585BEE}.Debug|Any CPU.Build.0 = Debug|Any CPU
		{7764A2BD-C775-4BFF-A4AD-349156585BEE}.Release|Any CPU.ActiveCfg = Release|Any CPU
		{7764A2BD-C775-4BFF-A4AD-349156585BEE}.Release|Any CPU.Build.0 = Release|Any CPU
	EndGlobalSection
	GlobalSection(SolutionProperties) = preSolution
		HideSolutionNode = FALSE
	EndGlobalSection
	GlobalSection(ExtensibilityGlobals) = postSolution
		SolutionGuid = {84852CDB-12ED-4EED-BF94-61C9EC77577A}
	EndGlobalSection
EndGlobal
